
Microsoft Visual Studio Solution File, Format Version 12.00
# Visual Studio Version 16
VisualStudioVersion = 16.0.29613.14
MinimumVisualStudioVersion = 10.0.40219.1
Project("{9A19103F-16F7-4668-BE54-9A1E7A4F7556}") = "ConsoleApp1", "ConsoleApp1\ConsoleApp1.csproj", "{215FC1C0-6668-4216-97BC-07432FC98050}"
EndProject
Global
	GlobalSection(SolutionConfigurationPlatforms) = preSolution
		Debug|Any CPU = Debug|Any CPU
		Release|Any CPU = Release|Any CPU
	EndGlobalSection
	GlobalSection(ProjectConfigurationPlatforms) = postSolution
		{215FC1C0-6668-4216-97BC-07432FC98050}.Debug|Any CPU.ActiveCfg = Debug|Any CPU
		{215FC1C0-6668-4216-97BC-07432FC98050}.Debug|Any CPU.Build.0 = Debug|Any CPU
		{215FC1C0-6668-4216-97BC-07432FC98050}.Release|Any CPU.ActiveCfg = Release|Any CPU
		{215FC1C0-6668-4216-97BC-07432FC98050}.Release|Any CPU.Build.0 = Release|Any CPU
	EndGlobalSection
	GlobalSection(SolutionProperties) = preSolution
		HideSolutionNode = FALSE
	EndGlobalSection
	GlobalSection(ExtensibilityGlobals) = postSolution
		SolutionGuid = {04BBC0A9-12C1-46D4-B04D-56A14DFFFA50}
	EndGlobalSection
EndGlobal
